# THIS IS AN AUTOGENERATED FILE. DO NOT EDIT THIS FILE DIRECTLY.
# yarn lockfile v1


"@protobufjs/aspromise@^1.1.1", "@protobufjs/aspromise@^1.1.2":
  version "1.1.2"
  resolved "https://registry.yarnpkg.com/@protobufjs/aspromise/-/aspromise-1.1.2.tgz#9b8b0cc663d669a7d8f6f5d0893a14d348f30fbf"

"@protobufjs/base64@^1.1.2":
  version "1.1.2"
  resolved "https://registry.yarnpkg.com/@protobufjs/base64/-/base64-1.1.2.tgz#4c85730e59b9a1f1f349047dbf24296034bb2735"

"@protobufjs/codegen@^2.0.4":
  version "2.0.4"
  resolved "https://registry.yarnpkg.com/@protobufjs/codegen/-/codegen-2.0.4.tgz#7ef37f0d010fb028ad1ad59722e506d9262815cb"

"@protobufjs/eventemitter@^1.1.0":
  version "1.1.0"
  resolved "https://registry.yarnpkg.com/@protobufjs/eventemitter/-/eventemitter-1.1.0.tgz#355cbc98bafad5978f9ed095f397621f1d066b70"

"@protobufjs/fetch@^1.1.0":
  version "1.1.0"
  resolved "https://registry.yarnpkg.com/@protobufjs/fetch/-/fetch-1.1.0.tgz#ba99fb598614af65700c1619ff06d454b0d84c45"
  dependencies:
    "@protobufjs/aspromise" "^1.1.1"
    "@protobufjs/inquire" "^1.1.0"

"@protobufjs/float@^1.0.2":
  version "1.0.2"
  resolved "https://registry.yarnpkg.com/@protobufjs/float/-/float-1.0.2.tgz#5e9e1abdcb73fc0a7cb8b291df78c8cbd97b87d1"

"@protobufjs/inquire@^1.1.0":
  version "1.1.0"
  resolved "https://registry.yarnpkg.com/@protobufjs/inquire/-/inquire-1.1.0.tgz#ff200e3e7cf2429e2dcafc1140828e8cc638f089"

"@protobufjs/path@^1.1.2":
  version "1.1.2"
  resolved "https://registry.yarnpkg.com/@protobufjs/path/-/path-1.1.2.tgz#6cc2b20c5c9ad6ad0dccfd21ca7673d8d7fbf68d"

"@protobufjs/pool@^1.1.0":
  version "1.1.0"
  resolved "https://registry.yarnpkg.com/@protobufjs/pool/-/pool-1.1.0.tgz#09fd15f2d6d3abfa9b65bc366506d6ad7846ff54"

"@protobufjs/utf8@^1.1.0":
  version "1.1.0"
  resolved "https://registry.yarnpkg.com/@protobufjs/utf8/-/utf8-1.1.0.tgz#a777360b5b39a1a2e5106f8e858f2fd2d060c570"

"@types/bro-fs@0.4.1":
  version "0.4.1"
  resolved "https://registry.yarnpkg.com/@types/bro-fs/-/bro-fs-0.4.1.tgz#02e7e29fa94a5521631cd51317a14019312c8405"
  dependencies:
    "@types/filesystem" "*"

"@types/chai@4.1.4":
  version "4.1.4"
  resolved "https://registry.yarnpkg.com/@types/chai/-/chai-4.1.4.tgz#5ca073b330d90b4066d6ce18f60d57f2084ce8ca"

"@types/dotenv@4.0.3":
  version "4.0.3"
  resolved "https://registry.yarnpkg.com/@types/dotenv/-/dotenv-4.0.3.tgz#ebcfc40da7bc0728b705945b7db48485ec5b4b67"
  dependencies:
    "@types/node" "*"

"@types/ed2curve@0.2.2":
  version "0.2.2"
  resolved "https://registry.yarnpkg.com/@types/ed2curve/-/ed2curve-0.2.2.tgz#8f8bc7e2c9a5895a941c63a4f7acd7a6a62a5b15"
  dependencies:
    tweetnacl "^1.0.0"

"@types/filesystem@*", "@types/filesystem@0.0.28":
  version "0.0.28"
  resolved "https://registry.yarnpkg.com/@types/filesystem/-/filesystem-0.0.28.tgz#3fd7735830f2c7413cb5ac45780bc45904697b0e"
  dependencies:
    "@types/filewriter" "*"

"@types/filewriter@*":
  version "0.0.28"
  resolved "https://registry.yarnpkg.com/@types/filewriter/-/filewriter-0.0.28.tgz#c054e8af4d9dd75db4e63abc76f885168714d4b3"

"@types/fs-extra@5.0.4":
  version "5.0.4"
  resolved "https://registry.yarnpkg.com/@types/fs-extra/-/fs-extra-5.0.4.tgz#b971134d162cc0497d221adde3dbb67502225599"
  dependencies:
    "@types/node" "*"

"@types/long@^3.0.32":
  version "3.0.32"
  resolved "https://registry.yarnpkg.com/@types/long/-/long-3.0.32.tgz#f4e5af31e9e9b196d8e5fca8a5e2e20aa3d60b69"

"@types/long@^4.0.0":
  version "4.0.0"
  resolved "https://registry.yarnpkg.com/@types/long/-/long-4.0.0.tgz#719551d2352d301ac8b81db732acb6bdc28dbdef"

"@types/node@*", "@types/node@10.7.1", "@types/node@^10.1.0":
  version "10.7.1"
  resolved "https://registry.yarnpkg.com/@types/node/-/node-10.7.1.tgz#b704d7c259aa40ee052eec678758a68d07132a2e"

"@types/node@^8.9.4":
  version "8.10.26"
  resolved "https://registry.yarnpkg.com/@types/node/-/node-8.10.26.tgz#950e3d4e6b316ba6e1ae4e84d9155aba67f88c2f"

"@types/spark-md5@3.0.0":
  version "3.0.0"
  resolved "https://registry.yarnpkg.com/@types/spark-md5/-/spark-md5-3.0.0.tgz#15b80a036f59167a8ec6045f6f1efcd9c8b02a7c"

"@types/tough-cookie@2.3.3":
  version "2.3.3"
  resolved "https://registry.yarnpkg.com/@types/tough-cookie/-/tough-cookie-2.3.3.tgz#7f226d67d654ec9070e755f46daebf014628e9d9"

"@wireapp/api-client@1.14.0":
  version "1.14.0"
  resolved "https://registry.yarnpkg.com/@wireapp/api-client/-/api-client-1.14.0.tgz#47668b672da7927fc4da6b90b1a002b2eecb18dd"
  dependencies:
    "@types/node" "10.7.1"
    "@types/spark-md5" "3.0.0"
    "@types/tough-cookie" "2.3.3"
    "@wireapp/priority-queue" "0.2.5"
    "@wireapp/store-engine" "0.12.5"
    axios "0.18.0"
    html5-websocket "2.0.3"
    logdown "3.2.7"
    reconnecting-websocket "3.2.2"
    spark-md5 "3.0.0"
    tough-cookie "2.4.3"

"@wireapp/bot-api@0.3.2":
  version "0.3.2"
  resolved "https://registry.yarnpkg.com/@wireapp/bot-api/-/bot-api-0.3.2.tgz#286cf2d5884a5c9f527b544b56c179497ef29d53"
  dependencies:
    "@wireapp/core" "5.9.0"
    pure-uuid "1.5.3"

"@wireapp/cbor@3.0.73":
  version "3.0.73"
  resolved "https://registry.yarnpkg.com/@wireapp/cbor/-/cbor-3.0.73.tgz#2d11d684e63033a446a4d8e53c5c86c64b010836"

"@wireapp/core@5.9.0":
  version "5.9.0"
  resolved "https://registry.yarnpkg.com/@wireapp/core/-/core-5.9.0.tgz#33e855e7fb1701f92472f91339c856c3b9397f73"
  dependencies:
    "@types/node" "10.7.1"
    "@wireapp/api-client" "1.14.0"
    "@wireapp/cryptobox" "8.7.5"
    "@wireapp/protocol-messaging" "1.20.1"
    "@wireapp/store-engine" "0.12.5"
    bazinga64 "5.3.4"
    logdown "3.2.7"
    protobufjs "6.8.8"
    pure-uuid "1.5.3"

"@wireapp/cryptobox@8.7.5":
  version "8.7.5"
  resolved "https://registry.yarnpkg.com/@wireapp/cryptobox/-/cryptobox-8.7.5.tgz#a2645a52a779926148b283dcdbdd5b71a81c67f6"
  dependencies:
    "@types/fs-extra" "5.0.4"
    "@types/node" "10.7.1"
    "@wireapp/lru-cache" "2.1.48"
    "@wireapp/priority-queue" "0.2.5"
    "@wireapp/proteus" "7.3.16"
    "@wireapp/store-engine" "0.12.5"
    bazinga64 "5.3.4"
    dexie "2.0.4"
    fs-extra "7.0.0"
    logdown "3.2.7"

"@wireapp/lru-cache@2.1.48":
  version "2.1.48"
  resolved "https://registry.yarnpkg.com/@wireapp/lru-cache/-/lru-cache-2.1.48.tgz#2337fdf6935e1bb64d54b82a399ec3470d9e43c6"

"@wireapp/priority-queue@0.2.5":
  version "0.2.5"
  resolved "https://registry.yarnpkg.com/@wireapp/priority-queue/-/priority-queue-0.2.5.tgz#a6c8440a2712745834707ff1369dc5bbca8c8660"
  dependencies:
    "@types/node" "10.7.1"
    pure-uuid "1.5.3"

"@wireapp/proteus@7.3.16":
  version "7.3.16"
  resolved "https://registry.yarnpkg.com/@wireapp/proteus/-/proteus-7.3.16.tgz#c1af52d3838fd546a538078a67566062bd2a1261"
  dependencies:
    "@types/chai" "4.1.4"
    "@types/ed2curve" "0.2.2"
    "@types/node" "10.7.1"
    "@wireapp/cbor" "3.0.73"
    ed2curve "0.2.1"
    libsodium-wrappers-sumo "0.7.3"

"@wireapp/protocol-messaging@1.20.1":
  version "1.20.1"
  resolved "https://registry.yarnpkg.com/@wireapp/protocol-messaging/-/protocol-messaging-1.20.1.tgz#3ff6b21914b628ef62f0092dc1827a99bd9e5b24"
  dependencies:
    protobufjs "6.8.6"

"@wireapp/store-engine@0.12.5":
  version "0.12.5"
  resolved "https://registry.yarnpkg.com/@wireapp/store-engine/-/store-engine-0.12.5.tgz#3761ff2e49dde7b1c99db007bb3ee2471eec48ef"
  dependencies:
    "@types/bro-fs" "0.4.1"
    "@types/filesystem" "0.0.28"
    "@types/node" "10.7.1"
    bro-fs "0.4.0"
    dexie "2.0.4"
    fs-extra "7.0.0"

ansi-styles@^3.2.1:
  version "3.2.1"
  resolved "https://registry.yarnpkg.com/ansi-styles/-/ansi-styles-3.2.1.tgz#41fbb20243e50b12be0f04b8dedbf07520ce841d"
  dependencies:
    color-convert "^1.9.0"

async-limiter@~1.0.0:
  version "1.0.0"
  resolved "https://registry.yarnpkg.com/async-limiter/-/async-limiter-1.0.0.tgz#78faed8c3d074ab81f22b4e985d79e8738f720f8"

axios@0.18.0, axios@^0.18.0:
  version "0.18.0"
  resolved "https://registry.yarnpkg.com/axios/-/axios-0.18.0.tgz#32d53e4851efdc0a11993b6cd000789d70c05102"
  dependencies:
    follow-redirects "^1.3.0"
    is-buffer "^1.1.5"

balanced-match@^1.0.0:
  version "1.0.0"
  resolved "https://registry.yarnpkg.com/balanced-match/-/balanced-match-1.0.0.tgz#89b4d199ab2bee49de164ea02b89ce462d71b767"

bazinga64@5.3.4:
  version "5.3.4"
  resolved "https://registry.yarnpkg.com/bazinga64/-/bazinga64-5.3.4.tgz#022ad9aaa28b0218bb685051f45d0dbb452a1ab4"

brace-expansion@^1.1.7:
  version "1.1.11"
  resolved "https://registry.yarnpkg.com/brace-expansion/-/brace-expansion-1.1.11.tgz#3c7fcbf529d87226f3d2f52b966ff5271eb441dd"
  dependencies:
    balanced-match "^1.0.0"
    concat-map "0.0.1"

bro-fs@0.4.0:
  version "0.4.0"
  resolved "https://registry.yarnpkg.com/bro-fs/-/bro-fs-0.4.0.tgz#3df38350c463342186b075a43a9ba68e156b921a"
  dependencies:
    marked "^0.3.19"

chalk@^2.3.0:
  version "2.4.1"
  resolved "https://registry.yarnpkg.com/chalk/-/chalk-2.4.1.tgz#18c49ab16a037b6eb0152cc83e3471338215b66e"
  dependencies:
    ansi-styles "^3.2.1"
    escape-string-regexp "^1.0.5"
    supports-color "^5.3.0"

color-convert@^1.9.0:
  version "1.9.2"
  resolved "https://registry.yarnpkg.com/color-convert/-/color-convert-1.9.2.tgz#49881b8fba67df12a96bdf3f56c0aab9e7913147"
  dependencies:
    color-name "1.1.1"

color-name@1.1.1:
  version "1.1.1"
  resolved "https://registry.yarnpkg.com/color-name/-/color-name-1.1.1.tgz#4b1415304cf50028ea81643643bd82ea05803689"

concat-map@0.0.1:
  version "0.0.1"
  resolved "https://registry.yarnpkg.com/concat-map/-/concat-map-0.0.1.tgz#d8a96bd77fd68df7793a73036a3ba0d5405d477b"

cross-env@5.2.0:
  version "5.2.0"
  resolved "https://registry.yarnpkg.com/cross-env/-/cross-env-5.2.0.tgz#6ecd4c015d5773e614039ee529076669b9d126f2"
  dependencies:
    cross-spawn "^6.0.5"
    is-windows "^1.0.0"

cross-spawn@^6.0.5:
  version "6.0.5"
  resolved "https://registry.yarnpkg.com/cross-spawn/-/cross-spawn-6.0.5.tgz#4a5ec7c64dfae22c3a14124dbacdee846d80cbc4"
  dependencies:
    nice-try "^1.0.4"
    path-key "^2.0.1"
    semver "^5.5.0"
    shebang-command "^1.2.0"
    which "^1.2.9"

debug@^3.1.0:
  version "3.1.0"
  resolved "https://registry.yarnpkg.com/debug/-/debug-3.1.0.tgz#5bb5a0672628b64149566ba16819e61518c67261"
  dependencies:
    ms "2.0.0"

decode-uri-component@^0.2.0:
  version "0.2.0"
  resolved "https://registry.yarnpkg.com/decode-uri-component/-/decode-uri-component-0.2.0.tgz#eb3913333458775cb84cd1a1fae062106bb87545"

dexie@2.0.4:
  version "2.0.4"
  resolved "https://registry.yarnpkg.com/dexie/-/dexie-2.0.4.tgz#6027a5e05879424e8f9979d8c14e7420f27e3a11"

dotenv@6.0.0:
  version "6.0.0"
  resolved "https://registry.yarnpkg.com/dotenv/-/dotenv-6.0.0.tgz#24e37c041741c5f4b25324958ebbc34bca965935"

ed2curve@0.2.1:
  version "0.2.1"
  resolved "https://registry.yarnpkg.com/ed2curve/-/ed2curve-0.2.1.tgz#22e6aaa3569e3c4dbf4eefa29612ec329e58190c"
  dependencies:
    tweetnacl "0.x.x"

escape-string-regexp@^1.0.5:
  version "1.0.5"
  resolved "https://registry.yarnpkg.com/escape-string-regexp/-/escape-string-regexp-1.0.5.tgz#1b61c0562190a8dff6ae3bb2cf0200ca130b86d4"

follow-redirects@^1.3.0:
  version "1.5.5"
  resolved "https://registry.yarnpkg.com/follow-redirects/-/follow-redirects-1.5.5.tgz#3c143ca599a2e22e62876687d68b23d55bad788b"
  dependencies:
    debug "^3.1.0"

fs-extra@7.0.0:
  version "7.0.0"
  resolved "https://registry.yarnpkg.com/fs-extra/-/fs-extra-7.0.0.tgz#8cc3f47ce07ef7b3593a11b9fb245f7e34c041d6"
  dependencies:
    graceful-fs "^4.1.2"
    jsonfile "^4.0.0"
    universalify "^0.1.0"

fs.realpath@^1.0.0:
  version "1.0.0"
  resolved "https://registry.yarnpkg.com/fs.realpath/-/fs.realpath-1.0.0.tgz#1504ad2523158caa40db4a2787cb01411994ea4f"

glob@^7.0.5:
  version "7.1.2"
  resolved "https://registry.yarnpkg.com/glob/-/glob-7.1.2.tgz#c19c9df9a028702d678612384a6552404c636d15"
  dependencies:
    fs.realpath "^1.0.0"
    inflight "^1.0.4"
    inherits "2"
    minimatch "^3.0.4"
    once "^1.3.0"
    path-is-absolute "^1.0.0"

graceful-fs@^4.1.2, graceful-fs@^4.1.6:
  version "4.1.11"
  resolved "https://registry.yarnpkg.com/graceful-fs/-/graceful-fs-4.1.11.tgz#0e8bdfe4d1ddb8854d64e04ea7c00e2a026e5658"

has-flag@^3.0.0:
  version "3.0.0"
  resolved "https://registry.yarnpkg.com/has-flag/-/has-flag-3.0.0.tgz#b5d454dc2199ae225699f3467e5a07f3b955bafd"

html5-websocket@2.0.3:
  version "2.0.3"
  resolved "https://registry.yarnpkg.com/html5-websocket/-/html5-websocket-2.0.3.tgz#d58e01dc4228452781b7863b359d8ce51d328e1c"
  dependencies:
    ws "^3.1.0"

inflight@^1.0.4:
  version "1.0.6"
  resolved "https://registry.yarnpkg.com/inflight/-/inflight-1.0.6.tgz#49bd6331d7d02d0c09bc910a1075ba8165b56df9"
  dependencies:
    once "^1.3.0"
    wrappy "1"

inherits@2:
  version "2.0.3"
  resolved "https://registry.yarnpkg.com/inherits/-/inherits-2.0.3.tgz#633c2c83e3da42a502f52466022480f4208261de"

is-buffer@^1.1.5:
  version "1.1.6"
  resolved "https://registry.yarnpkg.com/is-buffer/-/is-buffer-1.1.6.tgz#efaa2ea9daa0d7ab2ea13a97b2b8ad51fefbe8be"

is-windows@^1.0.0:
  version "1.0.2"
  resolved "https://registry.yarnpkg.com/is-windows/-/is-windows-1.0.2.tgz#d1850eb9791ecd18e6182ce12a30f396634bb19d"

isexe@^2.0.0:
  version "2.0.0"
  resolved "https://registry.yarnpkg.com/isexe/-/isexe-2.0.0.tgz#e8fbf374dc556ff8947a10dcb0572d633f2cfa10"

jsonfile@^4.0.0:
  version "4.0.0"
  resolved "https://registry.yarnpkg.com/jsonfile/-/jsonfile-4.0.0.tgz#8771aae0799b64076b76640fca058f9c10e33ecb"
  optionalDependencies:
    graceful-fs "^4.1.6"

libsodium-sumo@0.7.3:
  version "0.7.3"
  resolved "https://registry.yarnpkg.com/libsodium-sumo/-/libsodium-sumo-0.7.3.tgz#c38d99dc3b2c056870ca8f3ac8f1ecbb150ecbbf"

libsodium-wrappers-sumo@0.7.3:
  version "0.7.3"
  resolved "https://registry.yarnpkg.com/libsodium-wrappers-sumo/-/libsodium-wrappers-sumo-0.7.3.tgz#eeb4fc93a9802c34558e0f2ec350295ba6246fc8"
  dependencies:
    libsodium-sumo "0.7.3"

logdown@3.2.7:
  version "3.2.7"
  resolved "https://registry.yarnpkg.com/logdown/-/logdown-3.2.7.tgz#4dd24375bf5b757064f65aeb8c3459ae66cde1b9"
  dependencies:
    chalk "^2.3.0"

long@^4.0.0:
  version "4.0.0"
  resolved "https://registry.yarnpkg.com/long/-/long-4.0.0.tgz#9a7b71cfb7d361a194ea555241c92f7468d5bf28"

marked@^0.3.19:
  version "0.3.19"
  resolved "https://registry.yarnpkg.com/marked/-/marked-0.3.19.tgz#5d47f709c4c9fc3c216b6d46127280f40b39d790"

minimatch@^3.0.4:
  version "3.0.4"
  resolved "https://registry.yarnpkg.com/minimatch/-/minimatch-3.0.4.tgz#5166e286457f03306064be5497e8dbb0c3d32083"
  dependencies:
    brace-expansion "^1.1.7"

ms@2.0.0:
  version "2.0.0"
  resolved "https://registry.yarnpkg.com/ms/-/ms-2.0.0.tgz#5608aeadfc00be6c2901df5f9861788de0d597c8"

nice-try@^1.0.4:
  version "1.0.4"
  resolved "https://registry.yarnpkg.com/nice-try/-/nice-try-1.0.4.tgz#d93962f6c52f2c1558c0fbda6d512819f1efe1c4"

once@^1.3.0:
  version "1.4.0"
  resolved "https://registry.yarnpkg.com/once/-/once-1.4.0.tgz#583b1aa775961d4b113ac17d9c50baef9dd76bd1"
  dependencies:
    wrappy "1"

openweathermap-api-client@1.0.3:
  version "1.0.3"
  resolved "https://registry.yarnpkg.com/openweathermap-api-client/-/openweathermap-api-client-1.0.3.tgz#63ce3783b42696bbad027e9f7696ae6051d0a6de"
  dependencies:
    axios "^0.18.0"
    query-string "^6.1.0"

path-is-absolute@^1.0.0:
  version "1.0.1"
  resolved "https://registry.yarnpkg.com/path-is-absolute/-/path-is-absolute-1.0.1.tgz#174b9268735534ffbc7ace6bf53a5a9e1b5c5f5f"

path-key@^2.0.1:
  version "2.0.1"
  resolved "https://registry.yarnpkg.com/path-key/-/path-key-2.0.1.tgz#411cadb574c5a140d3a4b1910d40d80cc9f40b40"

prettier@1.14.2:
  version "1.14.2"
  resolved "https://registry.yarnpkg.com/prettier/-/prettier-1.14.2.tgz#0ac1c6e1a90baa22a62925f41963c841983282f9"

protobufjs@6.8.6:
  version "6.8.6"
  resolved "https://registry.yarnpkg.com/protobufjs/-/protobufjs-6.8.6.tgz#ce3cf4fff9625b62966c455fc4c15e4331a11ca2"
  dependencies:
    "@protobufjs/aspromise" "^1.1.2"
    "@protobufjs/base64" "^1.1.2"
    "@protobufjs/codegen" "^2.0.4"
    "@protobufjs/eventemitter" "^1.1.0"
    "@protobufjs/fetch" "^1.1.0"
    "@protobufjs/float" "^1.0.2"
    "@protobufjs/inquire" "^1.1.0"
    "@protobufjs/path" "^1.1.2"
    "@protobufjs/pool" "^1.1.0"
    "@protobufjs/utf8" "^1.1.0"
    "@types/long" "^3.0.32"
    "@types/node" "^8.9.4"
    long "^4.0.0"

protobufjs@6.8.8:
  version "6.8.8"
  resolved "https://registry.yarnpkg.com/protobufjs/-/protobufjs-6.8.8.tgz#c8b4f1282fd7a90e6f5b109ed11c84af82908e7c"
  dependencies:
    "@protobufjs/aspromise" "^1.1.2"
    "@protobufjs/base64" "^1.1.2"
    "@protobufjs/codegen" "^2.0.4"
    "@protobufjs/eventemitter" "^1.1.0"
    "@protobufjs/fetch" "^1.1.0"
    "@protobufjs/float" "^1.0.2"
    "@protobufjs/inquire" "^1.1.0"
    "@protobufjs/path" "^1.1.2"
    "@protobufjs/pool" "^1.1.0"
    "@protobufjs/utf8" "^1.1.0"
    "@types/long" "^4.0.0"
    "@types/node" "^10.1.0"
    long "^4.0.0"

psl@^1.1.24:
  version "1.1.29"
  resolved "https://registry.yarnpkg.com/psl/-/psl-1.1.29.tgz#60f580d360170bb722a797cc704411e6da850c67"

punycode@^1.4.1:
  version "1.4.1"
  resolved "https://registry.yarnpkg.com/punycode/-/punycode-1.4.1.tgz#c0d5a63b2718800ad8e1eb0fa5269c84dd41845e"

pure-uuid@1.5.3:
  version "1.5.3"
  resolved "https://registry.yarnpkg.com/pure-uuid/-/pure-uuid-1.5.3.tgz#cafee7e95b5ff96d7fb737346214967e009d5bce"

query-string@^6.1.0:
  version "6.1.0"
  resolved "https://registry.yarnpkg.com/query-string/-/query-string-6.1.0.tgz#01e7d69f6a0940dac67a937d6c6325647aa4532a"
  dependencies:
    decode-uri-component "^0.2.0"
    strict-uri-encode "^2.0.0"

reconnecting-websocket@3.2.2:
  version "3.2.2"
  resolved "https://registry.yarnpkg.com/reconnecting-websocket/-/reconnecting-websocket-3.2.2.tgz#8097514e926e9855e03c39e76efa2e3d1f371bee"

rimraf@2.6.2:
  version "2.6.2"
  resolved "https://registry.yarnpkg.com/rimraf/-/rimraf-2.6.2.tgz#2ed8150d24a16ea8651e6d6ef0f47c4158ce7a36"
  dependencies:
    glob "^7.0.5"

safe-buffer@~5.1.0:
  version "5.1.2"
  resolved "https://registry.yarnpkg.com/safe-buffer/-/safe-buffer-5.1.2.tgz#991ec69d296e0313747d59bdfd2b745c35f8828d"

semver@^5.5.0:
  version "5.5.1"
  resolved "https://registry.yarnpkg.com/semver/-/semver-5.5.1.tgz#7dfdd8814bdb7cabc7be0fb1d734cfb66c940477"

shebang-command@^1.2.0:
  version "1.2.0"
  resolved "https://registry.yarnpkg.com/shebang-command/-/shebang-command-1.2.0.tgz#44aac65b695b03398968c39f363fee5deafdf1ea"
  dependencies:
    shebang-regex "^1.0.0"

shebang-regex@^1.0.0:
  version "1.0.0"
  resolved "https://registry.yarnpkg.com/shebang-regex/-/shebang-regex-1.0.0.tgz#da42f49740c0b42db2ca9728571cb190c98efea3"

spark-md5@3.0.0:
  version "3.0.0"
  resolved "https://registry.yarnpkg.com/spark-md5/-/spark-md5-3.0.0.tgz#3722227c54e2faf24b1dc6d933cc144e6f71bfef"

strict-uri-encode@^2.0.0:
  version "2.0.0"
  resolved "https://registry.yarnpkg.com/strict-uri-encode/-/strict-uri-encode-2.0.0.tgz#b9c7330c7042862f6b142dc274bbcc5866ce3546"

supports-color@^5.3.0:
  version "5.5.0"
  resolved "https://registry.yarnpkg.com/supports-color/-/supports-color-5.5.0.tgz#e2e69a44ac8772f78a1ec0b35b689df6530efc8f"
  dependencies:
    has-flag "^3.0.0"

tough-cookie@2.4.3:
  version "2.4.3"
  resolved "https://registry.yarnpkg.com/tough-cookie/-/tough-cookie-2.4.3.tgz#53f36da3f47783b0925afa06ff9f3b165280f781"
  dependencies:
    psl "^1.1.24"
    punycode "^1.4.1"

tweetnacl@0.x.x:
  version "0.14.5"
  resolved "https://registry.yarnpkg.com/tweetnacl/-/tweetnacl-0.14.5.tgz#5ae68177f192d4456269d108afa93ff8743f4f64"

tweetnacl@^1.0.0:
  version "1.0.0"
  resolved "https://registry.yarnpkg.com/tweetnacl/-/tweetnacl-1.0.0.tgz#713d8b818da42068740bf68386d0479e66fc8a7b"

typescript@3.0.1:
  version "3.0.1"
  resolved "https://registry.yarnpkg.com/typescript/-/typescript-3.0.1.tgz#43738f29585d3a87575520a4b93ab6026ef11fdb"

ultron@~1.1.0:
  version "1.1.1"
  resolved "https://registry.yarnpkg.com/ultron/-/ultron-1.1.1.tgz#9fe1536a10a664a65266a1e3ccf85fd36302bc9c"

universalify@^0.1.0:
  version "0.1.2"
  resolved "https://registry.yarnpkg.com/universalify/-/universalify-0.1.2.tgz#b646f69be3942dabcecc9d6639c80dc105efaa66"

which@^1.2.9:
  version "1.3.1"
  resolved "https://registry.yarnpkg.com/which/-/which-1.3.1.tgz#a45043d54f5805316da8d62f9f50918d3da70b0a"
  dependencies:
    isexe "^2.0.0"

wrappy@1:
  version "1.0.2"
  resolved "https://registry.yarnpkg.com/wrappy/-/wrappy-1.0.2.tgz#b5243d8f3ec1aa35f1364605bc0d1036e30ab69f"

ws@^3.1.0:
  version "3.3.3"
  resolved "https://registry.yarnpkg.com/ws/-/ws-3.3.3.tgz#f1cf84fe2d5e901ebce94efaece785f187a228f2"
  dependencies:
    async-limiter "~1.0.0"
    safe-buffer "~5.1.0"
    ultron "~1.1.0"
